
Microsoft Visual Studio Solution File, Format Version 12.00
# Visual Studio Version 17
VisualStudioVersion = 17.0.32014.148
MinimumVisualStudioVersion = 10.0.40219.1
Project("{FAE04EC0-301F-11D3-BF4B-00C04F79EFBC}") = "ConventionDemo", "ConventionDemo\ConventionDemo.csproj", "{366C2132-2CBE-43D4-93D7-5CA410318BC0}"
EndProject
Global
	GlobalSection(SolutionConfigurationPlatforms) = preSolution
		Debug|Any CPU = Debug|Any CPU
		Release|Any CPU = Release|Any CPU
	EndGlobalSection
	GlobalSection(ProjectConfigurationPlatforms) = postSolution
		{366C2132-2CBE-43D4-93D7-5CA410318BC0}.Debug|Any CPU.ActiveCfg = Debug|Any CPU
		{366C2132-2CBE-43D4-93D7-5CA410318BC0}.Debug|Any CPU.Build.0 = Debug|Any CPU
		{366C2132-2CBE-43D4-93D7-5CA410318BC0}.Release|Any CPU.ActiveCfg = Release|Any CPU
		{366C2132-2CBE-43D4-93D7-5CA410318BC0}.Release|Any CPU.Build.0 = Release|Any CPU
	EndGlobalSection
	GlobalSection(SolutionProperties) = preSolution
		HideSolutionNode = FALSE
	EndGlobalSection
	GlobalSection(ExtensibilityGlobals) = postSolution
		SolutionGuid = {C24D36D5-D540-46A5-A5A7-6703EB5921B1}
	EndGlobalSection
EndGlobal
