
Microsoft Visual Studio Solution File, Format Version 12.00
# Visual Studio Version 17
VisualStudioVersion = 17.0.32014.148
MinimumVisualStudioVersion = 10.0.40219.1
Project("{FAE04EC0-301F-11D3-BF4B-00C04F79EFBC}") = "EmailDemo3", "EmailDemo3\EmailDemo3.csproj", "{A721D68A-04D1-46E8-9F63-B83AB440AB66}"
EndProject
Global
	GlobalSection(SolutionConfigurationPlatforms) = preSolution
		Debug|Any CPU = Debug|Any CPU
		Release|Any CPU = Release|Any CPU
	EndGlobalSection
	GlobalSection(ProjectConfigurationPlatforms) = postSolution
		{A721D68A-04D1-46E8-9F63-B83AB440AB66}.Debug|Any CPU.ActiveCfg = Debug|Any CPU
		{A721D68A-04D1-46E8-9F63-B83AB440AB66}.Debug|Any CPU.Build.0 = Debug|Any CPU
		{A721D68A-04D1-46E8-9F63-B83AB440AB66}.Release|Any CPU.ActiveCfg = Release|Any CPU
		{A721D68A-04D1-46E8-9F63-B83AB440AB66}.Release|Any CPU.Build.0 = Release|Any CPU
	EndGlobalSection
	GlobalSection(SolutionProperties) = preSolution
		HideSolutionNode = FALSE
	EndGlobalSection
	GlobalSection(ExtensibilityGlobals) = postSolution
		SolutionGuid = {D716318B-8E2D-405C-930D-9F87CEE63EF2}
	EndGlobalSection
EndGlobal
