
Microsoft Visual Studio Solution File, Format Version 12.00
# Visual Studio Version 17
VisualStudioVersion = 17.0.32014.148
MinimumVisualStudioVersion = 10.0.40219.1
Project("{FAE04EC0-301F-11D3-BF4B-00C04F79EFBC}") = "VersioningDemo", "VersioningDemo\VersioningDemo.csproj", "{C5CCA587-5628-491B-9DE6-CC8D1692B00A}"
EndProject
Global
	GlobalSection(SolutionConfigurationPlatforms) = preSolution
		Debug|Any CPU = Debug|Any CPU
		Release|Any CPU = Release|Any CPU
	EndGlobalSection
	GlobalSection(ProjectConfigurationPlatforms) = postSolution
		{C5CCA587-5628-491B-9DE6-CC8D1692B00A}.Debug|Any CPU.ActiveCfg = Debug|Any CPU
		{C5CCA587-5628-491B-9DE6-CC8D1692B00A}.Debug|Any CPU.Build.0 = Debug|Any CPU
		{C5CCA587-5628-491B-9DE6-CC8D1692B00A}.Release|Any CPU.ActiveCfg = Release|Any CPU
		{C5CCA587-5628-491B-9DE6-CC8D1692B00A}.Release|Any CPU.Build.0 = Release|Any CPU
	EndGlobalSection
	GlobalSection(SolutionProperties) = preSolution
		HideSolutionNode = FALSE
	EndGlobalSection
	GlobalSection(ExtensibilityGlobals) = postSolution
		SolutionGuid = {00F0BB8B-8184-416C-9927-8AEB6CE5B2DE}
	EndGlobalSection
EndGlobal
