
Microsoft Visual Studio Solution File, Format Version 12.00
# Visual Studio Version 17
VisualStudioVersion = 17.0.32014.148
MinimumVisualStudioVersion = 10.0.40219.1
Project("{FAE04EC0-301F-11D3-BF4B-00C04F79EFBC}") = "CrudWIthMySql", "CrudWIthMySql\CrudWIthMySql.csproj", "{3289B442-A341-4C58-A414-09A74C6FB083}"
EndProject
Global
	GlobalSection(SolutionConfigurationPlatforms) = preSolution
		Debug|Any CPU = Debug|Any CPU
		Release|Any CPU = Release|Any CPU
	EndGlobalSection
	GlobalSection(ProjectConfigurationPlatforms) = postSolution
		{3289B442-A341-4C58-A414-09A74C6FB083}.Debug|Any CPU.ActiveCfg = Debug|Any CPU
		{3289B442-A341-4C58-A414-09A74C6FB083}.Debug|Any CPU.Build.0 = Debug|Any CPU
		{3289B442-A341-4C58-A414-09A74C6FB083}.Release|Any CPU.ActiveCfg = Release|Any CPU
		{3289B442-A341-4C58-A414-09A74C6FB083}.Release|Any CPU.Build.0 = Release|Any CPU
	EndGlobalSection
	GlobalSection(SolutionProperties) = preSolution
		HideSolutionNode = FALSE
	EndGlobalSection
	GlobalSection(ExtensibilityGlobals) = postSolution
		SolutionGuid = {89B65A3B-6302-4C86-ACA4-008C6FF6FC7A}
	EndGlobalSection
EndGlobal
